# This file is automatically @generated by Cargo.
# It is not intended for manual editing.
version = 4

[[package]]
name = "autocfg"
version = "1.5.1"
source = "registry+https://github.com/rust-lang/crates.io-index"
checksum = "f2032f911046de80f0a198e0901378627c33f59ea0ac00e363d481118bd70a53"

[[package]]
name = "bumpalo"
version = "3.20.3"
source = "registry+https://github.com/rust-lang/crates.io-index"
checksum = "72f5acc6cb2ba439de613abc23857ec3d78374d8ed5ac84e9d11336e87da8649"

[[package]]
name = "cfg-if"
version = "1.0.5"
source = "registry+https://github.com/rust-lang/crates.io-index"
checksum = "4e7648175b45a9a48536d676f68d918270699102aa8dab5496df06904c914600"

[[package]]
name = "console_error_panic_hook"
version = "0.1.7"
source = "registry+https://github.com/rust-lang/crates.io-index"
checksum = "a06aeb73f470f66dcdbf7223caeebb85984942f22f1adb2a088cf9668146bbbc"
dependencies = [
 "cfg-if",
 "wasm-bindgen",
]

[[package]]
name = "libm"
version = "0.2.16"
source = "registry+https://github.com/rust-lang/crates.io-index"
checksum = "b6d2cec3eae94f9f509c767b45932f1ada8350c4bdb85af2fcab4a3c14807981"

[[package]]
name = "num-traits"
version = "0.2.19"
source = "registry+https://github.com/rust-lang/crates.io-index"
checksum = "071dfc062690e90b734c0b2273ce72ad0ffa95f0c74596bc250dcfd960262841"
dependencies = [
 "autocfg",
 "libm",
]

[[package]]
name = "once_cell"
version = "1.21.4"
source = "registry+https://github.com/rust-lang/crates.io-index"
checksum = "9f7c3e4beb33f85d45ae3e3a1792185706c8e16d043238c593331cc7cd313b50"

[[package]]
name = "proc-macro2"
version = "1.0.107"
source = "registry+https://github.com/rust-lang/crates.io-index"
checksum = "985e7ec9bb745e6ce6535b544d84d6cd6f7ad8bd711c398938ae983b91a766d9"
dependencies = [
 "unicode-ident",
]

[[package]]
name = "quote"
version = "1.0.47"
source = "registry+https://github.com/rust-lang/crates.io-index"
checksum = "1fbf4db142a473a8d80c26bbf18454ed458bf8d26c8219c331daecfdbd079001"
dependencies = [
 "proc-macro2",
]

[[package]]
name = "rustversion"
version = "1.0.23"
source = "registry+https://github.com/rust-lang/crates.io-index"
checksum = "cf54715a573b99ac80df0bc206da022bcd442c974952c7b9720069370852e21f"

[[package]]
name = "syn"
version = "3.0.6"
source = "registry+https://github.com/rust-lang/crates.io-index"
checksum = "8593e8e72159ed2257d083c7a454a85cbf854f37a0966d8d483aff8c8a3ebcee"
dependencies = [
 "proc-macro2",
 "quote",
 "unicode-ident",
]

[[package]]
name = "tpt-app-inventory-wasm"
version = "0.1.0"
dependencies = [
 "console_error_panic_hook",
 "tpt-barcode",
 "wasm-bindgen",
]

[[package]]
name = "tpt-barcode"
version = "0.1.0"
source = "git+https://github.com/tpt-solutions/tpt-barcode?rev=ebcda30#ebcda30af186ff58c7846299d3d995de10bc460a"
dependencies = [
 "tpt-barcode-1d",
 "tpt-barcode-2d",
 "tpt-barcode-core",
 "tpt-barcode-image",
 "tpt-barcode-render",
 "tpt-math-geometry",
]

[[package]]
name = "tpt-barcode-1d"
version = "0.1.0"
source = "git+https://github.com/tpt-solutions/tpt-barcode?rev=ebcda30#ebcda30af186ff58c7846299d3d995de10bc460a"
dependencies = [
 "tpt-barcode-core",
]

[[package]]
name = "tpt-barcode-2d"
version = "0.1.0"
source = "git+https://github.com/tpt-solutions/tpt-barcode?rev=ebcda30#ebcda30af186ff58c7846299d3d995de10bc460a"
dependencies = [
 "tpt-barcode-core",
 "tpt-math-geometry",
 "tpt-math-linalg-fixed",
]

[[package]]
name = "tpt-barcode-core"
version = "0.1.0"
source = "git+https://github.com/tpt-solutions/tpt-barcode?rev=ebcda30#ebcda30af186ff58c7846299d3d995de10bc460a"
dependencies = [
 "tpt-math-numeric",
]

[[package]]
name = "tpt-barcode-image"
version = "0.1.0"
source = "git+https://github.com/tpt-solutions/tpt-barcode?rev=ebcda30#ebcda30af186ff58c7846299d3d995de10bc460a"
dependencies = [
 "tpt-barcode-core",
 "tpt-math-geometry",
 "tpt-math-linalg-fixed",
]

[[package]]
name = "tpt-barcode-render"
version = "0.1.0"
source = "git+https://github.com/tpt-solutions/tpt-barcode?rev=ebcda30#ebcda30af186ff58c7846299d3d995de10bc460a"
dependencies = [
 "tpt-barcode-1d",
 "tpt-barcode-2d",
 "tpt-barcode-core",
]

[[package]]
name = "tpt-math-geometry"
version = "0.1.1"
source = "registry+https://github.com/rust-lang/crates.io-index"
checksum = "963adb27fbcaddffcb33762d5ec53be8fd78a78146761c2dd1a31b017ce65400"
dependencies = [
 "tpt-math-linalg-fixed",
 "tpt-math-numeric",
]

[[package]]
name = "tpt-math-linalg-fixed"
version = "0.1.0"
source = "registry+https://github.com/rust-lang/crates.io-index"
checksum = "bf4d7089e82107361c7b72eea0df9cc3ce1262190dc02741d6896b2078b9fdde"
dependencies = [
 "tpt-math-numeric",
]

[[package]]
name = "tpt-math-numeric"
version = "0.1.0"
source = "registry+https://github.com/rust-lang/crates.io-index"
checksum = "3cf48d7c841b2a882d06426b67f732a79e0b248d103ff8c1f6d2fdf1ab3df87b"
dependencies = [
 "num-traits",
]

[[package]]
name = "unicode-ident"
version = "1.0.26"
source = "registry+https://github.com/rust-lang/crates.io-index"
checksum = "d245f478577f809a851594d02313b640fb437e0bb33866753cff937863096954"

[[package]]
name = "wasm-bindgen"
version = "0.2.128"
source = "registry+https://github.com/rust-lang/crates.io-index"
checksum = "aecb87a33d3b0c5e3b7aa46336eaf486cffafbd281b195e4c8b80d50df2351bf"
dependencies = [
 "cfg-if",
 "once_cell",
 "rustversion",
 "wasm-bindgen-macro",
 "wasm-bindgen-shared",
]

[[package]]
name = "wasm-bindgen-macro"
version = "0.2.128"
source = "registry+https://github.com/rust-lang/crates.io-index"
checksum = "a690d511e3c1a8b3a55e33511e3c2c00c78415cd23650f32b808627f5696b9ed"
dependencies = [
 "quote",
 "wasm-bindgen-macro-support",
]

[[package]]
name = "wasm-bindgen-macro-support"
version = "0.2.128"
source = "registry+https://github.com/rust-lang/crates.io-index"
checksum = "411e4887f0071ef2d2164a9d5fdf2d20efbef78fccd3a78b0c10a1dc5295e48a"
dependencies = [
 "bumpalo",
 "proc-macro2",
 "quote",
 "syn",
 "wasm-bindgen-shared",
]

[[package]]
name = "wasm-bindgen-shared"
version = "0.2.128"
source = "registry+https://github.com/rust-lang/crates.io-index"
checksum = "81941cd78d0c92026c33e5e01312845a4cb1e9af3407f9134b100dd03144103e"
dependencies = [
 "unicode-ident",
]
